
Microsoft Visual Studio Solution File, Format Version 12.00
# Visual Studio Version 17
VisualStudioVersion = 17.0.31903.59
MinimumVisualStudioVersion = 10.0.40219.1
Project("{FAE04EC0-301F-11D3-BF4B-00C04F79EFBC}") = "MyWeb", "MyWeb\MyWeb.csproj", "{B45224C9-4097-471E-9643-FDA11B63C3FC}"
EndProject
Project("{FAE04EC0-301F-11D3-BF4B-00C04F79EFBC}") = "MyLib", "MyLib\MyLib.csproj", "{BF6F6DCB-2125-4DD3-B82A-0BA617E12CF1}"
EndProject
Project("{FAE04EC0-301F-11D3-BF4B-00C04F79EFBC}") = "MyLib.UnitTests", "MyLib.UnitTests\MyLib.UnitTests.csproj", "{55C6F7EA-EA4B-4610-9CEB-F991888861AE}"
EndProject
Global
	GlobalSection(SolutionConfigurationPlatforms) = preSolution
		Debug|Any CPU = Debug|Any CPU
		Debug|x64 = Debug|x64
		Debug|x86 = Debug|x86
		Release|Any CPU = Release|Any CPU
		Release|x64 = Release|x64
		Release|x86 = Release|x86
	EndGlobalSection
	GlobalSection(ProjectConfigurationPlatforms) = postSolution
		{B45224C9-4097-471E-9643-FDA11B63C3FC}.Debug|Any CPU.ActiveCfg = Debug|Any CPU
		{B45224C9-4097-471E-9643-FDA11B63C3FC}.Debug|Any CPU.Build.0 = Debug|Any CPU
		{B45224C9-4097-471E-9643-FDA11B63C3FC}.Debug|x64.ActiveCfg = Debug|Any CPU
		{B45224C9-4097-471E-9643-FDA11B63C3FC}.Debug|x64.Build.0 = Debug|Any CPU
		{B45224C9-4097-471E-9643-FDA11B63C3FC}.Debug|x86.ActiveCfg = Debug|Any CPU
		{B45224C9-4097-471E-9643-FDA11B63C3FC}.Debug|x86.Build.0 = Debug|Any CPU
		{B45224C9-4097-471E-9643-FDA11B63C3FC}.Release|Any CPU.ActiveCfg = Release|Any CPU
		{B45224C9-4097-471E-9643-FDA11B63C3FC}.Release|Any CPU.Build.0 = Release|Any CPU
		{B45224C9-4097-471E-9643-FDA11B63C3FC}.Release|x64.ActiveCfg = Release|Any CPU
		{B45224C9-4097-471E-9643-FDA11B63C3FC}.Release|x64.Build.0 = Release|Any CPU
		{B45224C9-4097-471E-9643-FDA11B63C3FC}.Release|x86.ActiveCfg = Release|Any CPU
		{B45224C9-4097-471E-9643-FDA11B63C3FC}.Release|x86.Build.0 = Release|Any CPU
		{BF6F6DCB-2125-4DD3-B82A-0BA617E12CF1}.Debug|Any CPU.ActiveCfg = Debug|Any CPU
		{BF6F6DCB-2125-4DD3-B82A-0BA617E12CF1}.Debug|Any CPU.Build.0 = Debug|Any CPU
		{BF6F6DCB-2125-4DD3-B82A-0BA617E12CF1}.Debug|x64.ActiveCfg = Debug|Any CPU
		{BF6F6DCB-2125-4DD3-B82A-0BA617E12CF1}.Debug|x64.Build.0 = Debug|Any CPU
		{BF6F6DCB-2125-4DD3-B82A-0BA617E12CF1}.Debug|x86.ActiveCfg = Debug|Any CPU
		{BF6F6DCB-2125-4DD3-B82A-0BA617E12CF1}.Debug|x86.Build.0 = Debug|Any CPU
		{BF6F6DCB-2125-4DD3-B82A-0BA617E12CF1}.Release|Any CPU.ActiveCfg = Release|Any CPU
		{BF6F6DCB-2125-4DD3-B82A-0BA617E12CF1}.Release|Any CPU.Build.0 = Release|Any CPU
		{BF6F6DCB-2125-4DD3-B82A-0BA617E12CF1}.Release|x64.ActiveCfg = Release|Any CPU
		{BF6F6DCB-2125-4DD3-B82A-0BA617E12CF1}.Release|x64.Build.0 = Release|Any CPU
		{BF6F6DCB-2125-4DD3-B82A-0BA617E12CF1}.Release|x86.ActiveCfg = Release|Any CPU
		{BF6F6DCB-2125-4DD3-B82A-0BA617E12CF1}.Release|x86.Build.0 = Release|Any CPU
		{55C6F7EA-EA4B-4610-9CEB-F991888861AE}.Debug|Any CPU.ActiveCfg = Debug|Any CPU
		{55C6F7EA-EA4B-4610-9CEB-F991888861AE}.Debug|Any CPU.Build.0 = Debug|Any CPU
		{55C6F7EA-EA4B-4610-9CEB-F991888861AE}.Debug|x64.ActiveCfg = Debug|Any CPU
		{55C6F7EA-EA4B-4610-9CEB-F991888861AE}.Debug|x64.Build.0 = Debug|Any CPU
		{55C6F7EA-EA4B-4610-9CEB-F991888861AE}.Debug|x86.ActiveCfg = Debug|Any CPU
		{55C6F7EA-EA4B-4610-9CEB-F991888861AE}.Debug|x86.Build.0 = Debug|Any CPU
		{55C6F7EA-EA4B-4610-9CEB-F991888861AE}.Release|Any CPU.ActiveCfg = Release|Any CPU
		{55C6F7EA-EA4B-4610-9CEB-F991888861AE}.Release|Any CPU.Build.0 = Release|Any CPU
		{55C6F7EA-EA4B-4610-9CEB-F991888861AE}.Release|x64.ActiveCfg = Release|Any CPU
		{55C6F7EA-EA4B-4610-9CEB-F991888861AE}.Release|x64.Build.0 = Release|Any CPU
		{55C6F7EA-EA4B-4610-9CEB-F991888861AE}.Release|x86.ActiveCfg = Release|Any CPU
		{55C6F7EA-EA4B-4610-9CEB-F991888861AE}.Release|x86.Build.0 = Release|Any CPU
	EndGlobalSection
	GlobalSection(SolutionProperties) = preSolution
		HideSolutionNode = FALSE
	EndGlobalSection
EndGlobal
